
Microsoft Visual Studio Solution File, Format Version 12.00
# Visual Studio 15
VisualStudioVersion = 15.0.27428.2027
MinimumVisualStudioVersion = 10.0.40219.1
Project("{FAE04EC0-301F-11D3-BF4B-00C04F79EFBC}") = "YoulaApi", "YoulaApi\YoulaApi.csproj", "{FF0870B0-8F6A-42DE-AC0A-2D18E9F9298D}"
EndProject
Project("{FAE04EC0-301F-11D3-BF4B-00C04F79EFBC}") = "TestYolaApp", "TestYolaApp\TestYolaApp.csproj", "{789EEDB7-365F-4226-A2DF-AB721BA483E2}"
EndProject
Global
	GlobalSection(SolutionConfigurationPlatforms) = preSolution
		Debug|Any CPU = Debug|Any CPU
		Release|Any CPU = Release|Any CPU
	EndGlobalSection
	GlobalSection(ProjectConfigurationPlatforms) = postSolution
		{FF0870B0-8F6A-42DE-AC0A-2D18E9F9298D}.Debug|Any CPU.ActiveCfg = Debug|Any CPU
		{FF0870B0-8F6A-42DE-AC0A-2D18E9F9298D}.Debug|Any CPU.Build.0 = Debug|Any CPU
		{FF0870B0-8F6A-42DE-AC0A-2D18E9F9298D}.Release|Any CPU.ActiveCfg = Release|Any CPU
		{FF0870B0-8F6A-42DE-AC0A-2D18E9F9298D}.Release|Any CPU.Build.0 = Release|Any CPU
		{789EEDB7-365F-4226-A2DF-AB721BA483E2}.Debug|Any CPU.ActiveCfg = Debug|Any CPU
		{789EEDB7-365F-4226-A2DF-AB721BA483E2}.Debug|Any CPU.Build.0 = Debug|Any CPU
		{789EEDB7-365F-4226-A2DF-AB721BA483E2}.Release|Any CPU.ActiveCfg = Release|Any CPU
		{789EEDB7-365F-4226-A2DF-AB721BA483E2}.Release|Any CPU.Build.0 = Release|Any CPU
	EndGlobalSection
	GlobalSection(SolutionProperties) = preSolution
		HideSolutionNode = FALSE
	EndGlobalSection
	GlobalSection(ExtensibilityGlobals) = postSolution
		SolutionGuid = {C9A21020-776B-40F8-A505-6455C79857CB}
	EndGlobalSection
EndGlobal
